
Microsoft Visual Studio Solution File, Format Version 12.00
# Visual Studio Version 16
VisualStudioVersion = 16.0.33529.622
MinimumVisualStudioVersion = 10.0.40219.1
Project("{FAE04EC0-301F-11D3-BF4B-00C04F79EFBC}") = "EFDBFirstApproachExample", "EFDBFirstApproachExample\EFDBFirstApproachExample.csproj", "{B0A366FB-57EA-4D82-932B-BD6AC48CAEB9}"
EndProject
Global
	GlobalSection(SolutionConfigurationPlatforms) = preSolution
		Debug|Any CPU = Debug|Any CPU
		Release|Any CPU = Release|Any CPU
	EndGlobalSection
	GlobalSection(ProjectConfigurationPlatforms) = postSolution
		{B0A366FB-57EA-4D82-932B-BD6AC48CAEB9}.Debug|Any CPU.ActiveCfg = Debug|Any CPU
		{B0A366FB-57EA-4D82-932B-BD6AC48CAEB9}.Debug|Any CPU.Build.0 = Debug|Any CPU
		{B0A366FB-57EA-4D82-932B-BD6AC48CAEB9}.Release|Any CPU.ActiveCfg = Release|Any CPU
		{B0A366FB-57EA-4D82-932B-BD6AC48CAEB9}.Release|Any CPU.Build.0 = Release|Any CPU
	EndGlobalSection
	GlobalSection(SolutionProperties) = preSolution
		HideSolutionNode = FALSE
	EndGlobalSection
	GlobalSection(ExtensibilityGlobals) = postSolution
		SolutionGuid = {AF626364-AF95-4CCB-956F-536CE6DE7F2B}
	EndGlobalSection
EndGlobal
